
Microsoft Visual Studio Solution File, Format Version 12.00
# Visual Studio Version 16
VisualStudioVersion = 16.0.28803.202
MinimumVisualStudioVersion = 10.0.40219.1
Project("{9A19103F-16F7-4668-BE54-9A1E7A4F7556}") = "MailProxee.Agent", "MailProxee.Agent\MailProxee.Agent.csproj", "{D5CEDBC2-94F5-489D-A6A1-6EB977BCD8AB}"
EndProject
Project("{9A19103F-16F7-4668-BE54-9A1E7A4F7556}") = "Module.EmailProxy", "Module.EmailProxy\Module.EmailProxy.csproj", "{C413992B-FD88-4439-90DF-900FB034B7BF}"
EndProject
Project("{2150E333-8FDC-42A3-9474-1A3956D46DE8}") = "Tests", "Tests", "{EA6F58F9-0843-4E3E-88B5-24F563773E42}"
EndProject
Project("{9A19103F-16F7-4668-BE54-9A1E7A4F7556}") = "Tests.Module.EmailProxy", "Tests.Module.EmailProxy\Tests.Module.EmailProxy.csproj", "{3DAB74F9-547C-479F-A041-C4F535E79AC2}"
EndProject
Project("{2150E333-8FDC-42A3-9474-1A3956D46DE8}") = "Modules", "Modules", "{10D26AC3-9E42-43D9-B706-C5DFB0D232A1}"
EndProject
Project("{9A19103F-16F7-4668-BE54-9A1E7A4F7556}") = "MailProxee.WebClient", "MailProxee.WebClient\MailProxee.WebClient.csproj", "{F6EEFC20-ACF6-4B3D-BAB7-F2EE4F3CCD7D}"
EndProject
Project("{E53339B2-1760-4266-BCC7-CA923CBCF16C}") = "docker-compose", "docker-compose.dcproj", "{8F816B68-4183-46E2-B9AF-9655F40CB3A2}"
EndProject
Project("{9A19103F-16F7-4668-BE54-9A1E7A4F7556}") = "Module.EmailProxy.Infrastructure.EntityFrameworkCore", "Module.EmailProxy.Infrastructure.EntityFrameworkCore\Module.EmailProxy.Infrastructure.EntityFrameworkCore.csproj", "{10F12C54-A56F-4BCD-9DE6-F9DD5D1A4DE4}"
EndProject
Global
	GlobalSection(SolutionConfigurationPlatforms) = preSolution
		Debug|Any CPU = Debug|Any CPU
		Release|Any CPU = Release|Any CPU
	EndGlobalSection
	GlobalSection(ProjectConfigurationPlatforms) = postSolution
		{D5CEDBC2-94F5-489D-A6A1-6EB977BCD8AB}.Debug|Any CPU.ActiveCfg = Debug|Any CPU
		{D5CEDBC2-94F5-489D-A6A1-6EB977BCD8AB}.Debug|Any CPU.Build.0 = Debug|Any CPU
		{D5CEDBC2-94F5-489D-A6A1-6EB977BCD8AB}.Release|Any CPU.ActiveCfg = Release|Any CPU
		{D5CEDBC2-94F5-489D-A6A1-6EB977BCD8AB}.Release|Any CPU.Build.0 = Release|Any CPU
		{C413992B-FD88-4439-90DF-900FB034B7BF}.Debug|Any CPU.ActiveCfg = Debug|Any CPU
		{C413992B-FD88-4439-90DF-900FB034B7BF}.Debug|Any CPU.Build.0 = Debug|Any CPU
		{C413992B-FD88-4439-90DF-900FB034B7BF}.Release|Any CPU.ActiveCfg = Release|Any CPU
		{C413992B-FD88-4439-90DF-900FB034B7BF}.Release|Any CPU.Build.0 = Release|Any CPU
		{3DAB74F9-547C-479F-A041-C4F535E79AC2}.Debug|Any CPU.ActiveCfg = Debug|Any CPU
		{3DAB74F9-547C-479F-A041-C4F535E79AC2}.Debug|Any CPU.Build.0 = Debug|Any CPU
		{3DAB74F9-547C-479F-A041-C4F535E79AC2}.Release|Any CPU.ActiveCfg = Release|Any CPU
		{3DAB74F9-547C-479F-A041-C4F535E79AC2}.Release|Any CPU.Build.0 = Release|Any CPU
		{F6EEFC20-ACF6-4B3D-BAB7-F2EE4F3CCD7D}.Debug|Any CPU.ActiveCfg = Debug|Any CPU
		{F6EEFC20-ACF6-4B3D-BAB7-F2EE4F3CCD7D}.Debug|Any CPU.Build.0 = Debug|Any CPU
		{F6EEFC20-ACF6-4B3D-BAB7-F2EE4F3CCD7D}.Release|Any CPU.ActiveCfg = Release|Any CPU
		{F6EEFC20-ACF6-4B3D-BAB7-F2EE4F3CCD7D}.Release|Any CPU.Build.0 = Release|Any CPU
		{8F816B68-4183-46E2-B9AF-9655F40CB3A2}.Debug|Any CPU.ActiveCfg = Debug|Any CPU
		{8F816B68-4183-46E2-B9AF-9655F40CB3A2}.Debug|Any CPU.Build.0 = Debug|Any CPU
		{8F816B68-4183-46E2-B9AF-9655F40CB3A2}.Release|Any CPU.ActiveCfg = Release|Any CPU
		{8F816B68-4183-46E2-B9AF-9655F40CB3A2}.Release|Any CPU.Build.0 = Release|Any CPU
		{10F12C54-A56F-4BCD-9DE6-F9DD5D1A4DE4}.Debug|Any CPU.ActiveCfg = Debug|Any CPU
		{10F12C54-A56F-4BCD-9DE6-F9DD5D1A4DE4}.Debug|Any CPU.Build.0 = Debug|Any CPU
		{10F12C54-A56F-4BCD-9DE6-F9DD5D1A4DE4}.Release|Any CPU.ActiveCfg = Release|Any CPU
		{10F12C54-A56F-4BCD-9DE6-F9DD5D1A4DE4}.Release|Any CPU.Build.0 = Release|Any CPU
	EndGlobalSection
	GlobalSection(SolutionProperties) = preSolution
		HideSolutionNode = FALSE
	EndGlobalSection
	GlobalSection(NestedProjects) = preSolution
		{C413992B-FD88-4439-90DF-900FB034B7BF} = {10D26AC3-9E42-43D9-B706-C5DFB0D232A1}
		{3DAB74F9-547C-479F-A041-C4F535E79AC2} = {EA6F58F9-0843-4E3E-88B5-24F563773E42}
		{10F12C54-A56F-4BCD-9DE6-F9DD5D1A4DE4} = {10D26AC3-9E42-43D9-B706-C5DFB0D232A1}
	EndGlobalSection
	GlobalSection(ExtensibilityGlobals) = postSolution
		SolutionGuid = {8928B3EB-E8E0-4DE0-B308-6E755E4922C8}
	EndGlobalSection
EndGlobal
